{
  "version": 4,
  "terraform_version": "0.12.24",
  "serial": 18,
  "lineage": "2ee345d1-0722-8fae-ee82-dcda2dfa30bb",
  "outputs": {
    "var_gcp_project": {
      "value": "gcp-expert-sandbox-jim",
      "type": "string"
    },
    "var_sre_team_email": {
      "value": "jim.lin@ikala.tv",
      "type": "string"
    }
  },
  "resources": [
    {
      "mode": "managed",
      "type": "google_logging_metric",
      "name": "gce_new_instance_metric",
      "provider": "provider.google",
      "instances": [
        {
          "schema_version": 0,
          "attributes": {
            "bucket_options": [],
            "description": "",
            "filter": "resource.type=\"gce_instance\" AND logName=\"projects/gcp-expert-sandbox-jim/logs/cloudaudit.googleapis.com%2Factivity\" AND protoPayload.methodName=(\"beta.compute.instances.insert\" OR \"v1.compute.instances.insert\") AND operation.last=true severity=\"NOTICE\"",
            "id": "user/gce/instance/new",
            "label_extractors": null,
            "metric_descriptor": [
              {
                "display_name": "",
                "labels": [],
                "metric_kind": "DELTA",
                "unit": "1",
                "value_type": "INT64"
              }
            ],
            "name": "user/gce/instance/new",
            "project": "gcp-expert-sandbox-jim",
            "timeouts": null,
            "value_extractor": ""
          },
          "private": "eyJlMmJmYjczMC1lY2FhLTExZTYtOGY4OC0zNDM2M2JjN2M0YzAiOnsiY3JlYXRlIjoyNDAwMDAwMDAwMDAsImRlbGV0ZSI6MjQwMDAwMDAwMDAwLCJ1cGRhdGUiOjI0MDAwMDAwMDAwMH19"
        }
      ]
    },
    {
      "mode": "managed",
      "type": "google_monitoring_alert_policy",
      "name": "bq_scanned_bytes_billed_warning",
      "provider": "provider.google",
      "instances": [
        {
          "schema_version": 0,
          "attributes": {
            "combiner": "OR",
            "conditions": [
              {
                "condition_absent": [],
                "condition_threshold": [
                  {
                    "aggregations": [
                      {
                        "alignment_period": "600s",
                        "cross_series_reducer": "",
                        "group_by_fields": null,
                        "per_series_aligner": "ALIGN_SUM"
                      }
                    ],
                    "comparison": "COMPARISON_GT",
                    "denominator_aggregations": [],
                    "denominator_filter": "",
                    "duration": "60s",
                    "filter": "metric.type=\"bigquery.googleapis.com/query/scanned_bytes_billed\" resource.type=\"global\"",
                    "threshold_value": 536870912,
                    "trigger": [
                      {
                        "count": 1,
                        "percent": 0
                      }
                    ]
                  }
                ],
                "display_name": "BQ scanned bytes billed over 512 MiB in 10 minutes",
                "name": "projects/gcp-expert-sandbox-jim/alertPolicies/9294897422688520213/conditions/9294897422688521660"
              }
            ],
            "creation_record": [
              {
                "mutate_time": "2020-05-04T05:19:46.668158251Z",
                "mutated_by": "jim.lin@ikala.tv"
              }
            ],
            "display_name": "BQ scanned bytes billed over 512 MiB in 10 minutes",
            "documentation": [],
            "enabled": true,
            "id": "projects/gcp-expert-sandbox-jim/alertPolicies/9294897422688520213",
            "labels": [],
            "name": "projects/gcp-expert-sandbox-jim/alertPolicies/9294897422688520213",
            "notification_channels": [
              "projects/gcp-expert-sandbox-jim/notificationChannels/15870009075476939146"
            ],
            "project": "gcp-expert-sandbox-jim",
            "timeouts": null,
            "user_labels": null
          },
          "private": "eyJlMmJmYjczMC1lY2FhLTExZTYtOGY4OC0zNDM2M2JjN2M0YzAiOnsiY3JlYXRlIjoyNDAwMDAwMDAwMDAsImRlbGV0ZSI6MjQwMDAwMDAwMDAwLCJ1cGRhdGUiOjI0MDAwMDAwMDAwMH19",
          "dependencies": [
            "google_monitoring_notification_channel.sre_team_channel"
          ]
        }
      ]
    },
    {
      "mode": "managed",
      "type": "google_monitoring_alert_policy",
      "name": "gce_new_instance_warning",
      "provider": "provider.google",
      "instances": [
        {
          "schema_version": 0,
          "attributes": {
            "combiner": "OR",
            "conditions": [
              {
                "condition_absent": [],
                "condition_threshold": [
                  {
                    "aggregations": [
                      {
                        "alignment_period": "60s",
                        "cross_series_reducer": "",
                        "group_by_fields": null,
                        "per_series_aligner": "ALIGN_COUNT"
                      }
                    ],
                    "comparison": "COMPARISON_GT",
                    "denominator_aggregations": [],
                    "denominator_filter": "",
                    "duration": "60s",
                    "filter": "metric.type=\"logging.googleapis.com/user/user/gce/instance/new\" resource.type=\"gce_instance\"",
                    "threshold_value": 0,
                    "trigger": [
                      {
                        "count": 1,
                        "percent": 0
                      }
                    ]
                  }
                ],
                "display_name": "GCE new instance event",
                "name": "projects/gcp-expert-sandbox-jim/alertPolicies/8333817497532409481/conditions/8333817497532410716"
              }
            ],
            "creation_record": [
              {
                "mutate_time": "2020-05-04T05:19:50.442690715Z",
                "mutated_by": "jim.lin@ikala.tv"
              }
            ],
            "display_name": "GCE new instance event",
            "documentation": [],
            "enabled": true,
            "id": "projects/gcp-expert-sandbox-jim/alertPolicies/8333817497532409481",
            "labels": [],
            "name": "projects/gcp-expert-sandbox-jim/alertPolicies/8333817497532409481",
            "notification_channels": [
              "projects/gcp-expert-sandbox-jim/notificationChannels/15870009075476939146"
            ],
            "project": "gcp-expert-sandbox-jim",
            "timeouts": null,
            "user_labels": null
          },
          "private": "eyJlMmJmYjczMC1lY2FhLTExZTYtOGY4OC0zNDM2M2JjN2M0YzAiOnsiY3JlYXRlIjoyNDAwMDAwMDAwMDAsImRlbGV0ZSI6MjQwMDAwMDAwMDAwLCJ1cGRhdGUiOjI0MDAwMDAwMDAwMH19",
          "dependencies": [
            "google_logging_metric.gce_new_instance_metric",
            "google_monitoring_notification_channel.sre_team_channel"
          ]
        }
      ]
    },
    {
      "mode": "managed",
      "type": "google_monitoring_alert_policy",
      "name": "vm_egress_bytes_billed_warning",
      "provider": "provider.google",
      "instances": [
        {
          "schema_version": 0,
          "attributes": {
            "combiner": "OR",
            "conditions": [
              {
                "condition_absent": [],
                "condition_threshold": [
                  {
                    "aggregations": [
                      {
                        "alignment_period": "600s",
                        "cross_series_reducer": "",
                        "group_by_fields": null,
                        "per_series_aligner": "ALIGN_SUM"
                      }
                    ],
                    "comparison": "COMPARISON_GT",
                    "denominator_aggregations": [],
                    "denominator_filter": "",
                    "duration": "60s",
                    "filter": "metric.type=\"networking.googleapis.com/vm_flow/egress_bytes_count\" resource.type=\"gce_instance\"",
                    "threshold_value": 536870912,
                    "trigger": [
                      {
                        "count": 1,
                        "percent": 0
                      }
                    ]
                  }
                ],
                "display_name": "VM egress bytes billed over 512 MiB in 10 minutes",
                "name": "projects/gcp-expert-sandbox-jim/alertPolicies/3609526551453704988/conditions/3609526551453707177"
              }
            ],
            "creation_record": [
              {
                "mutate_time": "2020-05-04T05:19:48.681373225Z",
                "mutated_by": "jim.lin@ikala.tv"
              }
            ],
            "display_name": "VM egress bytes billed over 512 MiB in 10 minutes",
            "documentation": [],
            "enabled": true,
            "id": "projects/gcp-expert-sandbox-jim/alertPolicies/3609526551453704988",
            "labels": [],
            "name": "projects/gcp-expert-sandbox-jim/alertPolicies/3609526551453704988",
            "notification_channels": [
              "projects/gcp-expert-sandbox-jim/notificationChannels/15870009075476939146"
            ],
            "project": "gcp-expert-sandbox-jim",
            "timeouts": null,
            "user_labels": null
          },
          "private": "eyJlMmJmYjczMC1lY2FhLTExZTYtOGY4OC0zNDM2M2JjN2M0YzAiOnsiY3JlYXRlIjoyNDAwMDAwMDAwMDAsImRlbGV0ZSI6MjQwMDAwMDAwMDAwLCJ1cGRhdGUiOjI0MDAwMDAwMDAwMH19",
          "dependencies": [
            "google_monitoring_notification_channel.sre_team_channel"
          ]
        }
      ]
    },
    {
      "mode": "managed",
      "type": "google_monitoring_notification_channel",
      "name": "sre_team_channel",
      "provider": "provider.google",
      "instances": [
        {
          "schema_version": 0,
          "attributes": {
            "description": "",
            "display_name": "SRE Team",
            "enabled": true,
            "id": "projects/gcp-expert-sandbox-jim/notificationChannels/15870009075476939146",
            "labels": {
              "email_address": "jim.lin@ikala.tv",
              "resolve_delivery_enabled": "true"
            },
            "name": "projects/gcp-expert-sandbox-jim/notificationChannels/15870009075476939146",
            "project": "gcp-expert-sandbox-jim",
            "sensitive_labels": [],
            "timeouts": null,
            "type": "email",
            "user_labels": null,
            "verification_status": ""
          },
          "private": "eyJlMmJmYjczMC1lY2FhLTExZTYtOGY4OC0zNDM2M2JjN2M0YzAiOnsiY3JlYXRlIjoyNDAwMDAwMDAwMDAsImRlbGV0ZSI6MjQwMDAwMDAwMDAwLCJ1cGRhdGUiOjI0MDAwMDAwMDAwMH19"
        }
      ]
    }
  ]
}
